
Microsoft Visual Studio Solution File, Format Version 12.00
# Visual Studio Version 16
VisualStudioVersion = 16.0.29503.13
MinimumVisualStudioVersion = 10.0.40219.1
Project("{FAE04EC0-301F-11D3-BF4B-00C04F79EFBC}") = "GrpcServer", "GrpcServer\GrpcServer.csproj", "{C65DC5F2-2A7F-4D3B-9F6D-82A8E5D62AE8}"
EndProject
Project("{FAE04EC0-301F-11D3-BF4B-00C04F79EFBC}") = "GrpcClient", "GrpcClient\GrpcClient.csproj", "{CFAB0DEC-B9B6-416F-9CB8-2D5875B7EA9E}"
EndProject
Global
	GlobalSection(SolutionConfigurationPlatforms) = preSolution
		Debug|Any CPU = Debug|Any CPU
		Release|Any CPU = Release|Any CPU
	EndGlobalSection
	GlobalSection(ProjectConfigurationPlatforms) = postSolution
		{C65DC5F2-2A7F-4D3B-9F6D-82A8E5D62AE8}.Debug|Any CPU.ActiveCfg = Debug|Any CPU
		{C65DC5F2-2A7F-4D3B-9F6D-82A8E5D62AE8}.Debug|Any CPU.Build.0 = Debug|Any CPU
		{C65DC5F2-2A7F-4D3B-9F6D-82A8E5D62AE8}.Release|Any CPU.ActiveCfg = Release|Any CPU
		{C65DC5F2-2A7F-4D3B-9F6D-82A8E5D62AE8}.Release|Any CPU.Build.0 = Release|Any CPU
		{CFAB0DEC-B9B6-416F-9CB8-2D5875B7EA9E}.Debug|Any CPU.ActiveCfg = Debug|Any CPU
		{CFAB0DEC-B9B6-416F-9CB8-2D5875B7EA9E}.Debug|Any CPU.Build.0 = Debug|Any CPU
		{CFAB0DEC-B9B6-416F-9CB8-2D5875B7EA9E}.Release|Any CPU.ActiveCfg = Release|Any CPU
		{CFAB0DEC-B9B6-416F-9CB8-2D5875B7EA9E}.Release|Any CPU.Build.0 = Release|Any CPU
	EndGlobalSection
	GlobalSection(SolutionProperties) = preSolution
		HideSolutionNode = FALSE
	EndGlobalSection
	GlobalSection(ExtensibilityGlobals) = postSolution
		SolutionGuid = {D0B48E53-09B4-4243-9B13-A72E53916182}
	EndGlobalSection
EndGlobal
